<Solution>
  <Configurations>
    <Platform Name="x64" />
    <Platform Name="x86" />
  </Configurations>
  <Project Path="GameOptimizer/GameOptimizer.vcxproj" Id="8c5c6e24-8073-4179-ac18-16f218f0494b" />
  <Project Path="GameOptimizer.Wpf/GameOptimizer.Wpf.csproj" Id="a95d6a83-56b8-41c5-8323-d9335aadd860" />
</Solution>
