<?xml version="1.0" encoding="utf-8"?>
<Project ToolsVersion="4.0" xmlns="http://schemas.microsoft.com/developer/msbuild/2003">
  <ItemGroup>
    <Filter Include="소스 파일">
      <UniqueIdentifier>{4FC737F1-C7A5-4376-A066-2A32D752A2FF}</UniqueIdentifier>
      <Extensions>cpp;c;cc;cxx;c++;cppm;ixx;def;odl;idl;hpj;bat;asm;asmx</Extensions>
    </Filter>
    <Filter Include="헤더 파일">
      <UniqueIdentifier>{93995380-89BD-4b04-88EB-625FBE52EBFB}</UniqueIdentifier>
      <Extensions>h;hh;hpp;hxx;h++;hm;inl;inc;ipp;xsd</Extensions>
    </Filter>
    <Filter Include="리소스 파일">
      <UniqueIdentifier>{67DA6AB6-F800-4c08-8B7A-83BB121AAD01}</UniqueIdentifier>
      <Extensions>rc;ico;cur;bmp;dlg;rc2;rct;bin;rgs;gif;jpg;jpeg;jpe;resx;tiff;tif;png;wav;mfcribbon-ms</Extensions>
    </Filter>
  </ItemGroup>
  <ItemGroup>
    <ClCompile Include="ProcessFinder.cpp">
      <Filter>소스 파일</Filter>
    </ClCompile>
    <ClCompile Include="ThreadTracker.cpp">
      <Filter>소스 파일</Filter>
    </ClCompile>
    <ClCompile Include="SchedulerController.cpp">
      <Filter>소스 파일</Filter>
    </ClCompile>
    <ClCompile Include="RollbackManager.cpp">
      <Filter>소스 파일</Filter>
    </ClCompile>
    <ClCompile Include="TopologyAnalyzer.cpp">
      <Filter>소스 파일</Filter>
    </ClCompile>
    <ClCompile Include="TrackingWatchdog.cpp">
      <Filter>소스 파일</Filter>
    </ClCompile>
    <ClCompile Include="PolicyDispatcher.cpp">
      <Filter>소스 파일</Filter>
    </ClCompile>
    <ClCompile Include="LatencyMetricsCollector.cpp">
      <Filter>소스 파일</Filter>
    </ClCompile>
    <ClCompile Include="LatencyDecisionLayerTests.cpp">
      <Filter>소스 파일</Filter>
    </ClCompile>
    <ClCompile Include="LatencyDecisionLayer.cpp">
      <Filter>소스 파일</Filter>
    </ClCompile>
    <ClCompile Include="BackgroundController.cpp">
      <Filter>소스 파일</Filter>
    </ClCompile>
    <ClCompile Include="AppliedPolicyTracker.cpp">
      <Filter>소스 파일</Filter>
    </ClCompile>
    <ClCompile Include="ApplyGuard.cpp">
      <Filter>소스 파일</Filter>
    </ClCompile>
    <ClCompile Include="AppliedPolicyTrackerTests.cpp">
      <Filter>소스 파일</Filter>
    </ClCompile>
    <ClCompile Include="main.cpp">
      <Filter>소스 파일</Filter>
    </ClCompile>
    <ClCompile Include="RuntimeValidationMonitor.cpp">
      <Filter>소스 파일</Filter>
    </ClCompile>
    <ClCompile Include="RuntimeValidationMonitorTests.cpp">
      <Filter>소스 파일</Filter>
    </ClCompile>
    <ClCompile Include="BackgroundControllerSafetyTests.cpp">
      <Filter>소스 파일</Filter>
    </ClCompile>
  </ItemGroup>
  <ItemGroup>
    <ClInclude Include="ErrorCode.h">
      <Filter>헤더 파일</Filter>
    </ClInclude>
    <ClInclude Include="Logger.h">
      <Filter>헤더 파일</Filter>
    </ClInclude>
    <ClInclude Include="ProcessFinder.h">
      <Filter>헤더 파일</Filter>
    </ClInclude>
    <ClInclude Include="ThreadInfo.h">
      <Filter>헤더 파일</Filter>
    </ClInclude>
    <ClInclude Include="ThreadTracker.h">
      <Filter>헤더 파일</Filter>
    </ClInclude>
    <ClInclude Include="WinApiError.h">
      <Filter>헤더 파일</Filter>
    </ClInclude>
    <ClInclude Include="WinHandle.h">
      <Filter>헤더 파일</Filter>
    </ClInclude>
    <ClInclude Include="SchedulerController.h">
      <Filter>헤더 파일</Filter>
    </ClInclude>
    <ClInclude Include="RollbackManager.h">
      <Filter>헤더 파일</Filter>
    </ClInclude>
    <ClInclude Include="TopologyAnalyzer.h">
      <Filter>헤더 파일</Filter>
    </ClInclude>
    <ClInclude Include="TrackingWatchdog.h">
      <Filter>헤더 파일</Filter>
    </ClInclude>
    <ClInclude Include="PolicyDispatcher.h">
      <Filter>헤더 파일</Filter>
    </ClInclude>
    <ClInclude Include="PolicyCommand.h">
      <Filter>헤더 파일</Filter>
    </ClInclude>
    <ClInclude Include="LatencyMetricsCollector.h">
      <Filter>헤더 파일</Filter>
    </ClInclude>
    <ClInclude Include="LatencyDecisionLayer.h">
      <Filter>헤더 파일</Filter>
    </ClInclude>
    <ClInclude Include="IcmpHandle.h">
      <Filter>헤더 파일</Filter>
    </ClInclude>
    <ClInclude Include="BackgroundController.h">
      <Filter>헤더 파일</Filter>
    </ClInclude>
    <ClInclude Include="AppliedPolicyTracker.h">
      <Filter>헤더 파일</Filter>
    </ClInclude>
    <ClInclude Include="ApplyGuard.h">
      <Filter>헤더 파일</Filter>
    </ClInclude>
    <ClInclude Include="RuntimeValidationMonitor.h">
      <Filter>헤더 파일</Filter>
    </ClInclude>
  </ItemGroup>
</Project>